github.com/fauzan264/go-first-module v1.3.0 h1:oTMGfq4YHOlZGak5drDwEVWnNeSUx7sPyPSvnK0HfYs=
github.com/fauzan264/go-first-module v1.3.0/go.mod h1:7WUm6bKZxwB2xazY5O9JfKBO8R/QhmzNHL6lkLEF/dM=
github.com/fauzan264/go-first-module/v2 v2.0.0 h1:AUt7HnHqx8ciz327TZQgJCBtbanmBbTI4kHEEK/ClYY=
github.com/fauzan264/go-first-module/v2 v2.0.0/go.mod h1:NW7VmLcNj0DrvobJc6g4NZSinY2Uu//2+mZjrvCIfNQ=
